
Microsoft Visual Studio Solution File, Format Version 12.00
# Visual Studio Version 17
VisualStudioVersion = 17.7.34003.232
MinimumVisualStudioVersion = 10.0.40219.1
Project("{9A19103F-16F7-4668-BE54-9A1E7A4F7556}") = "BetDataProvider.Web", "BetDataProvider.Web\BetDataProvider.Web.csproj", "{B25B36AC-3271-4691-942C-CB009BCBB582}"
EndProject
Project("{FAE04EC0-301F-11D3-BF4B-00C04F79EFBC}") = "BetDataProvider.DataAccess", "BetDataProvider.DataAccess\BetDataProvider.DataAccess.csproj", "{17AAE618-3207-4CCF-8EC8-A4D5B7932CE9}"
EndProject
Project("{FAE04EC0-301F-11D3-BF4B-00C04F79EFBC}") = "BetDataProvider.Business", "BetDataProvider.Business\BetDataProvider.Business.csproj", "{4D2D5004-8A12-46A2-98D4-0237F48A3686}"
EndProject
Global
	GlobalSection(SolutionConfigurationPlatforms) = preSolution
		Debug|Any CPU = Debug|Any CPU
		Release|Any CPU = Release|Any CPU
	EndGlobalSection
	GlobalSection(ProjectConfigurationPlatforms) = postSolution
		{B25B36AC-3271-4691-942C-CB009BCBB582}.Debug|Any CPU.ActiveCfg = Debug|Any CPU
		{B25B36AC-3271-4691-942C-CB009BCBB582}.Debug|Any CPU.Build.0 = Debug|Any CPU
		{B25B36AC-3271-4691-942C-CB009BCBB582}.Release|Any CPU.ActiveCfg = Release|Any CPU
		{B25B36AC-3271-4691-942C-CB009BCBB582}.Release|Any CPU.Build.0 = Release|Any CPU
		{17AAE618-3207-4CCF-8EC8-A4D5B7932CE9}.Debug|Any CPU.ActiveCfg = Debug|Any CPU
		{17AAE618-3207-4CCF-8EC8-A4D5B7932CE9}.Debug|Any CPU.Build.0 = Debug|Any CPU
		{17AAE618-3207-4CCF-8EC8-A4D5B7932CE9}.Release|Any CPU.ActiveCfg = Release|Any CPU
		{17AAE618-3207-4CCF-8EC8-A4D5B7932CE9}.Release|Any CPU.Build.0 = Release|Any CPU
		{4D2D5004-8A12-46A2-98D4-0237F48A3686}.Debug|Any CPU.ActiveCfg = Debug|Any CPU
		{4D2D5004-8A12-46A2-98D4-0237F48A3686}.Debug|Any CPU.Build.0 = Debug|Any CPU
		{4D2D5004-8A12-46A2-98D4-0237F48A3686}.Release|Any CPU.ActiveCfg = Release|Any CPU
		{4D2D5004-8A12-46A2-98D4-0237F48A3686}.Release|Any CPU.Build.0 = Release|Any CPU
	EndGlobalSection
	GlobalSection(SolutionProperties) = preSolution
		HideSolutionNode = FALSE
	EndGlobalSection
	GlobalSection(ExtensibilityGlobals) = postSolution
		SolutionGuid = {6008BFF7-4AB3-4B53-8592-01F42231ED81}
	EndGlobalSection
EndGlobal
